
Microsoft Visual Studio Solution File, Format Version 12.00
# Visual Studio Version 17
VisualStudioVersion = 17.0.31919.166
MinimumVisualStudioVersion = 10.0.40219.1
Project("{9A19103F-16F7-4668-BE54-9A1E7A4F7556}") = "Labb3_Anropa databasen", "Labb3_Anropa databasen\Labb3_Anropa databasen.csproj", "{A9112D12-9A20-45AD-B6B1-93CCE12BD3AB}"
EndProject
Project("{2150E333-8FDC-42A3-9474-1A3956D46DE8}") = "Solution Items", "Solution Items", "{80B03936-C65B-41CE-9BE0-E58562496F1C}"
	ProjectSection(SolutionItems) = preProject
		.editorconfig = .editorconfig
	EndProjectSection
EndProject
Global
	GlobalSection(SolutionConfigurationPlatforms) = preSolution
		Debug|Any CPU = Debug|Any CPU
		Release|Any CPU = Release|Any CPU
	EndGlobalSection
	GlobalSection(ProjectConfigurationPlatforms) = postSolution
		{A9112D12-9A20-45AD-B6B1-93CCE12BD3AB}.Debug|Any CPU.ActiveCfg = Debug|Any CPU
		{A9112D12-9A20-45AD-B6B1-93CCE12BD3AB}.Debug|Any CPU.Build.0 = Debug|Any CPU
		{A9112D12-9A20-45AD-B6B1-93CCE12BD3AB}.Release|Any CPU.ActiveCfg = Release|Any CPU
		{A9112D12-9A20-45AD-B6B1-93CCE12BD3AB}.Release|Any CPU.Build.0 = Release|Any CPU
	EndGlobalSection
	GlobalSection(SolutionProperties) = preSolution
		HideSolutionNode = FALSE
	EndGlobalSection
	GlobalSection(ExtensibilityGlobals) = postSolution
		SolutionGuid = {F88C8FD9-527C-4409-BE60-129B35BEF321}
	EndGlobalSection
EndGlobal
